
Microsoft Visual Studio Solution File, Format Version 12.00
# Visual Studio 15
Project("{FAE04EC0-301F-11D3-BF4B-00C04F79EFBC}") = "Assembly-CSharp-firstpass", "Assembly-CSharp-firstpass.csproj", "{CF2D68FF-C471-AB13-CED4-7E3885961EAA}"
EndProject
Project("{FAE04EC0-301F-11D3-BF4B-00C04F79EFBC}") = "Assembly-CSharp", "Assembly-CSharp.csproj", "{6760E601-D167-8717-8AFD-AB332D1BE65C}"
EndProject
Global
	GlobalSection(SolutionConfigurationPlatforms) = preSolution
		Debug|Any CPU = Debug|Any CPU
		Release|Any CPU = Release|Any CPU
	EndGlobalSection
	GlobalSection(ProjectConfigurationPlatforms) = postSolution
		{CF2D68FF-C471-AB13-CED4-7E3885961EAA}.Debug|Any CPU.ActiveCfg = Debug|Any CPU
		{CF2D68FF-C471-AB13-CED4-7E3885961EAA}.Debug|Any CPU.Build.0 = Debug|Any CPU
		{CF2D68FF-C471-AB13-CED4-7E3885961EAA}.Release|Any CPU.ActiveCfg = Release|Any CPU
		{CF2D68FF-C471-AB13-CED4-7E3885961EAA}.Release|Any CPU.Build.0 = Release|Any CPU
		{6760E601-D167-8717-8AFD-AB332D1BE65C}.Debug|Any CPU.ActiveCfg = Debug|Any CPU
		{6760E601-D167-8717-8AFD-AB332D1BE65C}.Debug|Any CPU.Build.0 = Debug|Any CPU
		{6760E601-D167-8717-8AFD-AB332D1BE65C}.Release|Any CPU.ActiveCfg = Release|Any CPU
		{6760E601-D167-8717-8AFD-AB332D1BE65C}.Release|Any CPU.Build.0 = Release|Any CPU
	EndGlobalSection
	GlobalSection(SolutionProperties) = preSolution
		HideSolutionNode = FALSE
	EndGlobalSection
EndGlobal
